
Microsoft Visual Studio Solution File, Format Version 12.00
# Visual Studio Version 17
VisualStudioVersion = 17.3.32819.101
MinimumVisualStudioVersion = 10.0.40219.1
Project("{FAE04EC0-301F-11D3-BF4B-00C04F79EFBC}") = "API", "API\API.csproj", "{F08E8DA5-2CD3-47E7-8AF0-D58C172DC24E}"
EndProject
Project("{FAE04EC0-301F-11D3-BF4B-00C04F79EFBC}") = "Core", "Core\Core.csproj", "{0B6BC733-02B4-40E0-B30F-CD70069CFBC9}"
EndProject
Project("{FAE04EC0-301F-11D3-BF4B-00C04F79EFBC}") = "Infraestructura", "Infraestructura\Infraestructura.csproj", "{90346A18-8AE5-4CA0-BA65-8ACC65485DDE}"
EndProject
Global
	GlobalSection(SolutionConfigurationPlatforms) = preSolution
		Debug|Any CPU = Debug|Any CPU
		Release|Any CPU = Release|Any CPU
	EndGlobalSection
	GlobalSection(ProjectConfigurationPlatforms) = postSolution
		{F08E8DA5-2CD3-47E7-8AF0-D58C172DC24E}.Debug|Any CPU.ActiveCfg = Debug|Any CPU
		{F08E8DA5-2CD3-47E7-8AF0-D58C172DC24E}.Debug|Any CPU.Build.0 = Debug|Any CPU
		{F08E8DA5-2CD3-47E7-8AF0-D58C172DC24E}.Release|Any CPU.ActiveCfg = Release|Any CPU
		{F08E8DA5-2CD3-47E7-8AF0-D58C172DC24E}.Release|Any CPU.Build.0 = Release|Any CPU
		{0B6BC733-02B4-40E0-B30F-CD70069CFBC9}.Debug|Any CPU.ActiveCfg = Debug|Any CPU
		{0B6BC733-02B4-40E0-B30F-CD70069CFBC9}.Debug|Any CPU.Build.0 = Debug|Any CPU
		{0B6BC733-02B4-40E0-B30F-CD70069CFBC9}.Release|Any CPU.ActiveCfg = Release|Any CPU
		{0B6BC733-02B4-40E0-B30F-CD70069CFBC9}.Release|Any CPU.Build.0 = Release|Any CPU
		{90346A18-8AE5-4CA0-BA65-8ACC65485DDE}.Debug|Any CPU.ActiveCfg = Debug|Any CPU
		{90346A18-8AE5-4CA0-BA65-8ACC65485DDE}.Debug|Any CPU.Build.0 = Debug|Any CPU
		{90346A18-8AE5-4CA0-BA65-8ACC65485DDE}.Release|Any CPU.ActiveCfg = Release|Any CPU
		{90346A18-8AE5-4CA0-BA65-8ACC65485DDE}.Release|Any CPU.Build.0 = Release|Any CPU
	EndGlobalSection
	GlobalSection(SolutionProperties) = preSolution
		HideSolutionNode = FALSE
	EndGlobalSection
	GlobalSection(ExtensibilityGlobals) = postSolution
		SolutionGuid = {5DA71748-4942-4452-A861-468D672BC8FD}
	EndGlobalSection
EndGlobal
